
Microsoft Visual Studio Solution File, Format Version 12.00
# Visual Studio Version 17
VisualStudioVersion = 17.11.35303.130
MinimumVisualStudioVersion = 10.0.40219.1
Project("{FAE04EC0-301F-11D3-BF4B-00C04F79EFBC}") = "PRM392_BookSoccerYard.API", "PRM392_BookSoccerYard.API\PRM392_BookSoccerYard.API.csproj", "{CCAAA0DE-A697-409F-8D5D-EFFEEFB50384}"
EndProject
Global
	GlobalSection(SolutionConfigurationPlatforms) = preSolution
		Debug|Any CPU = Debug|Any CPU
		Release|Any CPU = Release|Any CPU
	EndGlobalSection
	GlobalSection(ProjectConfigurationPlatforms) = postSolution
		{CCAAA0DE-A697-409F-8D5D-EFFEEFB50384}.Debug|Any CPU.ActiveCfg = Debug|Any CPU
		{CCAAA0DE-A697-409F-8D5D-EFFEEFB50384}.Debug|Any CPU.Build.0 = Debug|Any CPU
		{CCAAA0DE-A697-409F-8D5D-EFFEEFB50384}.Release|Any CPU.ActiveCfg = Release|Any CPU
		{CCAAA0DE-A697-409F-8D5D-EFFEEFB50384}.Release|Any CPU.Build.0 = Release|Any CPU
	EndGlobalSection
	GlobalSection(SolutionProperties) = preSolution
		HideSolutionNode = FALSE
	EndGlobalSection
	GlobalSection(ExtensibilityGlobals) = postSolution
		SolutionGuid = {58934FBF-AEC2-4789-8124-2B8EDF1B74FC}
	EndGlobalSection
EndGlobal
